
Microsoft Visual Studio Solution File, Format Version 12.00
# Visual Studio 15
VisualStudioVersion = 15.0.28307.329
MinimumVisualStudioVersion = 10.0.40219.1
Project("{FAE04EC0-301F-11D3-BF4B-00C04F79EFBC}") = "BOl", "BOl\BOl.csproj", "{0BEE6295-5F11-443C-A466-F20FA2369124}"
EndProject
Project("{FAE04EC0-301F-11D3-BF4B-00C04F79EFBC}") = "BLL", "BLL\BLL.csproj", "{D8FDA90E-51D5-4499-BEB9-669AEF83FB74}"
EndProject
Project("{FAE04EC0-301F-11D3-BF4B-00C04F79EFBC}") = "DLL", "DLL\DLL.csproj", "{5FEBDF04-2683-4D91-8E51-5F7831301C93}"
EndProject
Project("{FAE04EC0-301F-11D3-BF4B-00C04F79EFBC}") = "Vendorapplication", "Vendorapplication\Vendorapplication.csproj", "{4A8F39B2-B4D7-40C8-B090-A7C5E05FA14D}"
EndProject
Global
	GlobalSection(SolutionConfigurationPlatforms) = preSolution
		Debug|Any CPU = Debug|Any CPU
		Release|Any CPU = Release|Any CPU
	EndGlobalSection
	GlobalSection(ProjectConfigurationPlatforms) = postSolution
		{0BEE6295-5F11-443C-A466-F20FA2369124}.Debug|Any CPU.ActiveCfg = Debug|Any CPU
		{0BEE6295-5F11-443C-A466-F20FA2369124}.Debug|Any CPU.Build.0 = Debug|Any CPU
		{0BEE6295-5F11-443C-A466-F20FA2369124}.Release|Any CPU.ActiveCfg = Release|Any CPU
		{0BEE6295-5F11-443C-A466-F20FA2369124}.Release|Any CPU.Build.0 = Release|Any CPU
		{D8FDA90E-51D5-4499-BEB9-669AEF83FB74}.Debug|Any CPU.ActiveCfg = Debug|Any CPU
		{D8FDA90E-51D5-4499-BEB9-669AEF83FB74}.Debug|Any CPU.Build.0 = Debug|Any CPU
		{D8FDA90E-51D5-4499-BEB9-669AEF83FB74}.Release|Any CPU.ActiveCfg = Release|Any CPU
		{D8FDA90E-51D5-4499-BEB9-669AEF83FB74}.Release|Any CPU.Build.0 = Release|Any CPU
		{5FEBDF04-2683-4D91-8E51-5F7831301C93}.Debug|Any CPU.ActiveCfg = Debug|Any CPU
		{5FEBDF04-2683-4D91-8E51-5F7831301C93}.Debug|Any CPU.Build.0 = Debug|Any CPU
		{5FEBDF04-2683-4D91-8E51-5F7831301C93}.Release|Any CPU.ActiveCfg = Release|Any CPU
		{5FEBDF04-2683-4D91-8E51-5F7831301C93}.Release|Any CPU.Build.0 = Release|Any CPU
		{4A8F39B2-B4D7-40C8-B090-A7C5E05FA14D}.Debug|Any CPU.ActiveCfg = Debug|Any CPU
		{4A8F39B2-B4D7-40C8-B090-A7C5E05FA14D}.Debug|Any CPU.Build.0 = Debug|Any CPU
		{4A8F39B2-B4D7-40C8-B090-A7C5E05FA14D}.Release|Any CPU.ActiveCfg = Release|Any CPU
		{4A8F39B2-B4D7-40C8-B090-A7C5E05FA14D}.Release|Any CPU.Build.0 = Release|Any CPU
	EndGlobalSection
	GlobalSection(SolutionProperties) = preSolution
		HideSolutionNode = FALSE
	EndGlobalSection
	GlobalSection(ExtensibilityGlobals) = postSolution
		SolutionGuid = {54DA51F0-4394-4D70-8805-1110EBF02DB2}
	EndGlobalSection
EndGlobal
